Microsoft Visual Studio Solution File, Format Version 12.00
# Visual Studio Express 14 for Windows Desktop
VisualStudioVersion = 14.0.23107.0
MinimumVisualStudioVersion = 10.0.40219.1
Project("{8BC9CEB8-8B4A-11D0-8D11-00A0C91BC942}") = "game", "game.vcxproj", "{0046C4F3-21F4-41CA-9543-4728ACA78F87}"
EndProject
Global
	GlobalSection(SolutionConfigurationPlatforms) = preSolution
		Debug|x86 = Debug|x86
		Release|x86 = Release|x86
	EndGlobalSection
	GlobalSection(ProjectConfigurationPlatforms) = postSolution
		{0046C4F3-21F4-41CA-9543-4728ACA78F87}.Debug|x86.ActiveCfg = Debug|Win32
		{0046C4F3-21F4-41CA-9543-4728ACA78F87}.Debug|x86.Build.0 = Debug|Win32
		{0046C4F3-21F4-41CA-9543-4728ACA78F87}.Release|x86.ActiveCfg = Release|Win32
		{0046C4F3-21F4-41CA-9543-4728ACA78F87}.Release|x86.Build.0 = Release|Win32
	EndGlobalSection
	GlobalSection(SolutionProperties) = preSolution
		HideSolutionNode = FALSE
	EndGlobalSection
EndGlobal
